
Microsoft Visual Studio Solution File, Format Version 12.00
# Visual Studio Version 17
VisualStudioVersion = 17.12.35707.178
MinimumVisualStudioVersion = 10.0.40219.1
Project("{FAE04EC0-301F-11D3-BF4B-00C04F79EFBC}") = "WindowsFormsBLEserver", "WindowsFormsBLEserver.csproj", "{A38A2385-BEF7-488A-AFF4-1C01EFCB72C6}"
EndProject
Project("{2150E333-8FDC-42A3-9474-1A3956D46DE8}") = "ソリューション項目", "ソリューション項目", "{2022CB0F-8BAF-F49E-0C48-8EF4C96EC109}"
EndProject
Global
	GlobalSection(SolutionConfigurationPlatforms) = preSolution
		Debug|Any CPU = Debug|Any CPU
		Release|Any CPU = Release|Any CPU
	EndGlobalSection
	GlobalSection(ProjectConfigurationPlatforms) = postSolution
		{A38A2385-BEF7-488A-AFF4-1C01EFCB72C6}.Debug|Any CPU.ActiveCfg = Debug|Any CPU
		{A38A2385-BEF7-488A-AFF4-1C01EFCB72C6}.Debug|Any CPU.Build.0 = Debug|Any CPU
		{A38A2385-BEF7-488A-AFF4-1C01EFCB72C6}.Release|Any CPU.ActiveCfg = Release|Any CPU
		{A38A2385-BEF7-488A-AFF4-1C01EFCB72C6}.Release|Any CPU.Build.0 = Release|Any CPU
	EndGlobalSection
	GlobalSection(SolutionProperties) = preSolution
		HideSolutionNode = FALSE
	EndGlobalSection
	GlobalSection(ExtensibilityGlobals) = postSolution
		SolutionGuid = {60061769-32E5-4FC9-B33E-96D18C05C6E0}
	EndGlobalSection
EndGlobal
